
Microsoft Visual Studio Solution File, Format Version 12.00
# Visual Studio 15
VisualStudioVersion = 15.0.26124.0
MinimumVisualStudioVersion = 15.0.26124.0
Project("{FAE04EC0-301F-11D3-BF4B-00C04F79EFBC}") = "Products.SI", "Products.SI\Products.SI.csproj", "{76783F26-9BAF-4151-BAE2-848010471184}"
EndProject
Project("{FAE04EC0-301F-11D3-BF4B-00C04F79EFBC}") = "Products.BL", "Products.BL\Products.BL.csproj", "{BF547DF0-CE52-4648-9657-2BE20EB96434}"
EndProject
Project("{FAE04EC0-301F-11D3-BF4B-00C04F79EFBC}") = "Products.DAL", "Products.DAL\Products.DAL.csproj", "{1135FBF1-71EA-4094-BD14-FD828F602B96}"
EndProject
Project("{FAE04EC0-301F-11D3-BF4B-00C04F79EFBC}") = "Products.Models", "Products.Models\Products.Models.csproj", "{A25DF670-DA4F-4587-A7BC-DBF61536069D}"
EndProject
Global
	GlobalSection(SolutionConfigurationPlatforms) = preSolution
		Debug|Any CPU = Debug|Any CPU
		Debug|x64 = Debug|x64
		Debug|x86 = Debug|x86
		Release|Any CPU = Release|Any CPU
		Release|x64 = Release|x64
		Release|x86 = Release|x86
	EndGlobalSection
	GlobalSection(SolutionProperties) = preSolution
		HideSolutionNode = FALSE
	EndGlobalSection
	GlobalSection(ProjectConfigurationPlatforms) = postSolution
		{76783F26-9BAF-4151-BAE2-848010471184}.Debug|Any CPU.ActiveCfg = Debug|Any CPU
		{76783F26-9BAF-4151-BAE2-848010471184}.Debug|Any CPU.Build.0 = Debug|Any CPU
		{76783F26-9BAF-4151-BAE2-848010471184}.Debug|x64.ActiveCfg = Debug|Any CPU
		{76783F26-9BAF-4151-BAE2-848010471184}.Debug|x64.Build.0 = Debug|Any CPU
		{76783F26-9BAF-4151-BAE2-848010471184}.Debug|x86.ActiveCfg = Debug|Any CPU
		{76783F26-9BAF-4151-BAE2-848010471184}.Debug|x86.Build.0 = Debug|Any CPU
		{76783F26-9BAF-4151-BAE2-848010471184}.Release|Any CPU.ActiveCfg = Release|Any CPU
		{76783F26-9BAF-4151-BAE2-848010471184}.Release|Any CPU.Build.0 = Release|Any CPU
		{76783F26-9BAF-4151-BAE2-848010471184}.Release|x64.ActiveCfg = Release|Any CPU
		{76783F26-9BAF-4151-BAE2-848010471184}.Release|x64.Build.0 = Release|Any CPU
		{76783F26-9BAF-4151-BAE2-848010471184}.Release|x86.ActiveCfg = Release|Any CPU
		{76783F26-9BAF-4151-BAE2-848010471184}.Release|x86.Build.0 = Release|Any CPU
		{BF547DF0-CE52-4648-9657-2BE20EB96434}.Debug|Any CPU.ActiveCfg = Debug|Any CPU
		{BF547DF0-CE52-4648-9657-2BE20EB96434}.Debug|Any CPU.Build.0 = Debug|Any CPU
		{BF547DF0-CE52-4648-9657-2BE20EB96434}.Debug|x64.ActiveCfg = Debug|Any CPU
		{BF547DF0-CE52-4648-9657-2BE20EB96434}.Debug|x64.Build.0 = Debug|Any CPU
		{BF547DF0-CE52-4648-9657-2BE20EB96434}.Debug|x86.ActiveCfg = Debug|Any CPU
		{BF547DF0-CE52-4648-9657-2BE20EB96434}.Debug|x86.Build.0 = Debug|Any CPU
		{BF547DF0-CE52-4648-9657-2BE20EB96434}.Release|Any CPU.ActiveCfg = Release|Any CPU
		{BF547DF0-CE52-4648-9657-2BE20EB96434}.Release|Any CPU.Build.0 = Release|Any CPU
		{BF547DF0-CE52-4648-9657-2BE20EB96434}.Release|x64.ActiveCfg = Release|Any CPU
		{BF547DF0-CE52-4648-9657-2BE20EB96434}.Release|x64.Build.0 = Release|Any CPU
		{BF547DF0-CE52-4648-9657-2BE20EB96434}.Release|x86.ActiveCfg = Release|Any CPU
		{BF547DF0-CE52-4648-9657-2BE20EB96434}.Release|x86.Build.0 = Release|Any CPU
		{1135FBF1-71EA-4094-BD14-FD828F602B96}.Debug|Any CPU.ActiveCfg = Debug|Any CPU
		{1135FBF1-71EA-4094-BD14-FD828F602B96}.Debug|Any CPU.Build.0 = Debug|Any CPU
		{1135FBF1-71EA-4094-BD14-FD828F602B96}.Debug|x64.ActiveCfg = Debug|Any CPU
		{1135FBF1-71EA-4094-BD14-FD828F602B96}.Debug|x64.Build.0 = Debug|Any CPU
		{1135FBF1-71EA-4094-BD14-FD828F602B96}.Debug|x86.ActiveCfg = Debug|Any CPU
		{1135FBF1-71EA-4094-BD14-FD828F602B96}.Debug|x86.Build.0 = Debug|Any CPU
		{1135FBF1-71EA-4094-BD14-FD828F602B96}.Release|Any CPU.ActiveCfg = Release|Any CPU
		{1135FBF1-71EA-4094-BD14-FD828F602B96}.Release|Any CPU.Build.0 = Release|Any CPU
		{1135FBF1-71EA-4094-BD14-FD828F602B96}.Release|x64.ActiveCfg = Release|Any CPU
		{1135FBF1-71EA-4094-BD14-FD828F602B96}.Release|x64.Build.0 = Release|Any CPU
		{1135FBF1-71EA-4094-BD14-FD828F602B96}.Release|x86.ActiveCfg = Release|Any CPU
		{1135FBF1-71EA-4094-BD14-FD828F602B96}.Release|x86.Build.0 = Release|Any CPU
		{A25DF670-DA4F-4587-A7BC-DBF61536069D}.Debug|Any CPU.ActiveCfg = Debug|Any CPU
		{A25DF670-DA4F-4587-A7BC-DBF61536069D}.Debug|Any CPU.Build.0 = Debug|Any CPU
		{A25DF670-DA4F-4587-A7BC-DBF61536069D}.Debug|x64.ActiveCfg = Debug|Any CPU
		{A25DF670-DA4F-4587-A7BC-DBF61536069D}.Debug|x64.Build.0 = Debug|Any CPU
		{A25DF670-DA4F-4587-A7BC-DBF61536069D}.Debug|x86.ActiveCfg = Debug|Any CPU
		{A25DF670-DA4F-4587-A7BC-DBF61536069D}.Debug|x86.Build.0 = Debug|Any CPU
		{A25DF670-DA4F-4587-A7BC-DBF61536069D}.Release|Any CPU.ActiveCfg = Release|Any CPU
		{A25DF670-DA4F-4587-A7BC-DBF61536069D}.Release|Any CPU.Build.0 = Release|Any CPU
		{A25DF670-DA4F-4587-A7BC-DBF61536069D}.Release|x64.ActiveCfg = Release|Any CPU
		{A25DF670-DA4F-4587-A7BC-DBF61536069D}.Release|x64.Build.0 = Release|Any CPU
		{A25DF670-DA4F-4587-A7BC-DBF61536069D}.Release|x86.ActiveCfg = Release|Any CPU
		{A25DF670-DA4F-4587-A7BC-DBF61536069D}.Release|x86.Build.0 = Release|Any CPU
	EndGlobalSection
EndGlobal
